<?xml version="1.0" encoding="utf-8"?>
<Project ToolsVersion="4.0" xmlns="http://schemas.microsoft.com/developer/msbuild/2003">
  <ItemGroup>
    <Filter Include="Source Files">
      <UniqueIdentifier>{4FC737F1-C7A5-4376-A066-2A32D752A2FF}</UniqueIdentifier>
      <Extensions>cpp;c;cc;cxx;c++;cppm;ixx;def;odl;idl;hpj;bat;asm;asmx</Extensions>
    </Filter>
    <Filter Include="Header Files">
      <UniqueIdentifier>{93995380-89BD-4b04-88EB-625FBE52EBFB}</UniqueIdentifier>
      <Extensions>h;hh;hpp;hxx;h++;hm;inl;inc;ipp;xsd</Extensions>
    </Filter>
    <Filter Include="Resource Files">
      <UniqueIdentifier>{67DA6AB6-F800-4c08-8B7A-83BB121AAD01}</UniqueIdentifier>
      <Extensions>rc;ico;cur;bmp;dlg;rc2;rct;bin;rgs;gif;jpg;jpeg;jpe;resx;tiff;tif;png;wav;mfcribbon-ms</Extensions>
    </Filter>
    <Filter Include="Source Files\Renderer">
      <UniqueIdentifier>{64265e97-ae9e-421e-a3b0-ac8324de883e}</UniqueIdentifier>
    </Filter>
    <Filter Include="Source Files\States">
      <UniqueIdentifier>{7c8da378-38eb-42dc-9388-5f43d67a1324}</UniqueIdentifier>
    </Filter>
    <Filter Include="Source Files\States\StateTypes">
      <UniqueIdentifier>{42cf3f7d-33fc-4af0-a556-6ffc3003bd6f}</UniqueIdentifier>
    </Filter>
    <Filter Include="Source Files\Mesh">
      <UniqueIdentifier>{a71fbd59-eb97-4dff-9d97-a45d4047dcbf}</UniqueIdentifier>
    </Filter>
    <Filter Include="Source Files\ConstantBuffer">
      <UniqueIdentifier>{ff39263f-09aa-415b-b4f7-bee352f322ee}</UniqueIdentifier>
    </Filter>
  </ItemGroup>
  <ItemGroup>
    <ClCompile Include="Source\Renderer\Renderer.cpp">
      <Filter>Source Files\Renderer</Filter>
    </ClCompile>
    <ClCompile Include="Source\main.cpp">
      <Filter>Source Files</Filter>
    </ClCompile>
    <ClCompile Include="Source\States\StateStack.cpp">
      <Filter>Source Files\States</Filter>
    </ClCompile>
    <ClCompile Include="Source\States\State.cpp">
      <Filter>Source Files\States</Filter>
    </ClCompile>
    <ClCompile Include="Source\States\StateTypes\CubeState.cpp">
      <Filter>Source Files\States\StateTypes</Filter>
    </ClCompile>
    <ClCompile Include="Source\Mesh\Mesh.cpp">
      <Filter>Source Files\Mesh</Filter>
    </ClCompile>
    <ClCompile Include="Source\Mesh\VertexBuffer.cpp">
      <Filter>Source Files\Mesh</Filter>
    </ClCompile>
    <ClCompile Include="Source\ConstantBuffer\ConstantBuffer.cpp">
      <Filter>Source Files\ConstantBuffer</Filter>
    </ClCompile>
  </ItemGroup>
  <ItemGroup>
    <ClInclude Include="Source\Renderer\Renderer.h">
      <Filter>Source Files\Renderer</Filter>
    </ClInclude>
    <ClInclude Include="Source\States\StateStack.h">
      <Filter>Source Files\States</Filter>
    </ClInclude>
    <ClInclude Include="Source\States\State.h">
      <Filter>Source Files\States</Filter>
    </ClInclude>
    <ClInclude Include="Source\States\StateTypes\CubeState.h">
      <Filter>Source Files\States\StateTypes</Filter>
    </ClInclude>
    <ClInclude Include="Mesh.h">
      <Filter>Source Files\Mesh</Filter>
    </ClInclude>
    <ClInclude Include="Source\Mesh\VertexBuffer.h">
      <Filter>Source Files\Mesh</Filter>
    </ClInclude>
    <ClInclude Include="Source\ConstantBuffer\ConstantBuffer.h">
      <Filter>Source Files\ConstantBuffer</Filter>
    </ClInclude>
  </ItemGroup>
</Project>