<?xml version="1.0" encoding="utf-8"?>
<Project ToolsVersion="4.0" xmlns="http://schemas.microsoft.com/developer/msbuild/2003">
  <ItemGroup>
    <Filter Include="Source Files">
      <UniqueIdentifier>{4FC737F1-C7A5-4376-A066-2A32D752A2FF}</UniqueIdentifier>
      <Extensions>cpp;c;cc;cxx;c++;cppm;ixx;def;odl;idl;hpj;bat;asm;asmx</Extensions>
    </Filter>
    <Filter Include="Header Files">
      <UniqueIdentifier>{93995380-89BD-4b04-88EB-625FBE52EBFB}</UniqueIdentifier>
      <Extensions>h;hh;hpp;hxx;h++;hm;inl;inc;ipp;xsd</Extensions>
    </Filter>
    <Filter Include="Resource Files">
      <UniqueIdentifier>{67DA6AB6-F800-4c08-8B7A-83BB121AAD01}</UniqueIdentifier>
      <Extensions>rc;ico;cur;bmp;dlg;rc2;rct;bin;rgs;gif;jpg;jpeg;jpe;resx;tiff;tif;png;wav;mfcribbon-ms</Extensions>
    </Filter>
    <Filter Include="Source Files\Renderer">
      <UniqueIdentifier>{64265e97-ae9e-421e-a3b0-ac8324de883e}</UniqueIdentifier>
    </Filter>
    <Filter Include="Source Files\States">
      <UniqueIdentifier>{7c8da378-38eb-42dc-9388-5f43d67a1324}</UniqueIdentifier>
    </Filter>
    <Filter Include="Source Files\States\StateTypes">
      <UniqueIdentifier>{42cf3f7d-33fc-4af0-a556-6ffc3003bd6f}</UniqueIdentifier>
    </Filter>
    <Filter Include="Source Files\Mesh">
      <UniqueIdentifier>{a71fbd59-eb97-4dff-9d97-a45d4047dcbf}</UniqueIdentifier>
    </Filter>
    <Filter Include="Source Files\ConstantBuffer">
      <UniqueIdentifier>{ff39263f-09aa-415b-b4f7-bee352f322ee}</UniqueIdentifier>
    </Filter>
    <Filter Include="Source Files\Utility">
      <UniqueIdentifier>{198a7ad6-def2-47cd-bd59-18ebea077fec}</UniqueIdentifier>
    </Filter>
    <Filter Include="Source Files\Camera">
      <UniqueIdentifier>{bb6ab617-27ed-48bd-ba64-97eb2be0d51b}</UniqueIdentifier>
    </Filter>
    <Filter Include="Source Files\Shaders">
      <UniqueIdentifier>{4fe47ed5-27d4-4590-a746-889ceed5aa20}</UniqueIdentifier>
    </Filter>
    <Filter Include="Source Files\DXUtility">
      <UniqueIdentifier>{ae4a24b2-c61e-4cf1-b5e2-70c2b38499aa}</UniqueIdentifier>
    </Filter>
    <Filter Include="Source Files\ReadWriteBuffer">
      <UniqueIdentifier>{4bd16ac8-dfff-441f-8256-f9f5c791c496}</UniqueIdentifier>
    </Filter>
  </ItemGroup>
  <ItemGroup>
    <ClCompile Include="Source\Renderer\Renderer.cpp">
      <Filter>Source Files\Renderer</Filter>
    </ClCompile>
    <ClCompile Include="Source\main.cpp">
      <Filter>Source Files</Filter>
    </ClCompile>
    <ClCompile Include="Source\States\StateStack.cpp">
      <Filter>Source Files\States</Filter>
    </ClCompile>
    <ClCompile Include="Source\States\State.cpp">
      <Filter>Source Files\States</Filter>
    </ClCompile>
    <ClCompile Include="Source\States\StateTypes\CubeState.cpp">
      <Filter>Source Files\States\StateTypes</Filter>
    </ClCompile>
    <ClCompile Include="Source\ConstantBuffer\ConstantBuffer.cpp">
      <Filter>Source Files\ConstantBuffer</Filter>
    </ClCompile>
    <ClCompile Include="Source\Mesh\VertexBuffer.cpp">
      <Filter>Source Files\Mesh</Filter>
    </ClCompile>
    <ClCompile Include="Source\Mesh\MeshGroup.cpp">
      <Filter>Source Files\Mesh</Filter>
    </ClCompile>
    <ClCompile Include="Source\Mesh\Mesh.cpp">
      <Filter>Source Files\Mesh</Filter>
    </ClCompile>
    <ClCompile Include="Source\Camera\Camera.cpp">
      <Filter>Source Files\Camera</Filter>
    </ClCompile>
    <ClCompile Include="Source\Utility\Timer.cpp">
      <Filter>Source Files\Utility</Filter>
    </ClCompile>
    <ClCompile Include="Source\Utility\Input.cpp">
      <Filter>Source Files\Utility</Filter>
    </ClCompile>
    <ClCompile Include="Source\DXUtility\DXUtility.cpp">
      <Filter>Source Files\DXUtility</Filter>
    </ClCompile>
    <ClCompile Include="Source\Mesh\Texture.cpp">
      <Filter>Source Files\Mesh</Filter>
    </ClCompile>
  </ItemGroup>
  <ItemGroup>
    <ClInclude Include="Source\Renderer\Renderer.h">
      <Filter>Source Files\Renderer</Filter>
    </ClInclude>
    <ClInclude Include="Source\States\StateStack.h">
      <Filter>Source Files\States</Filter>
    </ClInclude>
    <ClInclude Include="Source\States\State.h">
      <Filter>Source Files\States</Filter>
    </ClInclude>
    <ClInclude Include="Source\States\StateTypes\CubeState.h">
      <Filter>Source Files\States\StateTypes</Filter>
    </ClInclude>
    <ClInclude Include="Source\ConstantBuffer\ConstantBuffer.h">
      <Filter>Source Files\ConstantBuffer</Filter>
    </ClInclude>
    <ClInclude Include="Source\Mesh\VertexBuffer.h">
      <Filter>Source Files\Mesh</Filter>
    </ClInclude>
    <ClInclude Include="Source\Mesh\MeshGroup.h">
      <Filter>Source Files\Mesh</Filter>
    </ClInclude>
    <ClInclude Include="Source\Mesh\Mesh.h">
      <Filter>Source Files\Mesh</Filter>
    </ClInclude>
    <ClInclude Include="Source\Utility\Timer.h">
      <Filter>Source Files\Utility</Filter>
    </ClInclude>
    <ClInclude Include="Source\Camera\Camera.h">
      <Filter>Source Files\Camera</Filter>
    </ClInclude>
    <ClInclude Include="Source\Utility\Input.h">
      <Filter>Source Files\Utility</Filter>
    </ClInclude>
    <ClInclude Include="Source\DXUtility\DXUtility.h">
      <Filter>Source Files\DXUtility</Filter>
    </ClInclude>
    <ClInclude Include="Source\ReadWriteBuffer\ReadWriteBuffer.h">
      <Filter>Source Files\ReadWriteBuffer</Filter>
    </ClInclude>
    <ClInclude Include="Source\Mesh\Texture.h">
      <Filter>Source Files\Mesh</Filter>
    </ClInclude>
  </ItemGroup>
  <ItemGroup>
    <FxCompile Include="Source\Shaders\VertexShader.hlsl">
      <Filter>Source Files\Shaders</Filter>
    </FxCompile>
    <FxCompile Include="Source\Shaders\PixelShader.hlsl">
      <Filter>Source Files\Shaders</Filter>
    </FxCompile>
    <FxCompile Include="CS_CubeRotator.hlsl">
      <Filter>Source Files\Shaders</Filter>
    </FxCompile>
  </ItemGroup>
  <ItemGroup>
    <None Include="packages.config" />
  </ItemGroup>
</Project>